{
    "name": "authority-layer-repo",
    "lockfileVersion": 3,
    "requires": true,
    "packages": {
        "": {
            "name": "authority-layer-repo",
            "workspaces": [
                "packages/core"
            ]
        },
        "node_modules/authority-layer": {
            "resolved": "packages/core",
            "link": true
        },
        "packages/core": {
            "name": "authority-layer",
            "version": "0.1.1",
            "license": "MIT",
            "bin": {
                "authority-layer": "dist/doctor.js"
            },
            "devDependencies": {
                "@types/node": "^20.0.0",
                "typescript": "^5.4.0"
            },
            "engines": {
                "node": ">=18.0.0"
            }
        },
        "packages/core/node_modules/@types/node": {
            "version": "20.19.35",
            "dev": true,
            "license": "MIT",
            "dependencies": {
                "undici-types": "~6.21.0"
            }
        },
        "packages/core/node_modules/typescript": {
            "version": "5.9.3",
            "dev": true,
            "license": "Apache-2.0",
            "bin": {
                "tsc": "bin/tsc",
                "tsserver": "bin/tsserver"
            },
            "engines": {
                "node": ">=14.17"
            }
        },
        "packages/core/node_modules/undici-types": {
            "version": "6.21.0",
            "dev": true,
            "license": "MIT"
        }
    }
}
